// !$*UTF8*$!
{
	archiveVersion = 1;
	classes = {
	};
	objectVersion = 46;
	objects = {

/* Begin PBXBuildFile section */
		C6015A731C39FA1C0002694D /* drip.wav in Resources */ = {isa = PBXBuildFile; fileRef = C6015A701C39FA1C0002694D /* drip.wav */; };
		C6015A741C39FA1C0002694D /* pew.wav in Resources */ = {isa = PBXBuildFile; fileRef = C6015A711C39FA1C0002694D /* pew.wav */; };
		C6015A751C39FA1C0002694D /* laser.wav in Resources */ = {isa = PBXBuildFile; fileRef = C6015A721C39FA1C0002694D /* laser.wav */; };
		C6044FE61C842461006502AE /* SKTAudio.swift in Sources */ = {isa = PBXBuildFile; fileRef = C6044FE51C842461006502AE /* SKTAudio.swift */; };
		C6520F031C41E5C400A8BD7D /* idea.txt in Resources */ = {isa = PBXBuildFile; fileRef = C6520F021C41E5C400A8BD7D /* idea.txt */; };
		C67BACA21C373AE70049B4B4 /* AppDelegate.swift in Sources */ = {isa = PBXBuildFile; fileRef = C67BACA11C373AE70049B4B4 /* AppDelegate.swift */; };
		C67BACA41C373AE70049B4B4 /* ZHGameScene.sks in Resources */ = {isa = PBXBuildFile; fileRef = C67BACA31C373AE70049B4B4 /* ZHGameScene.sks */; };
		C67BACA61C373AE70049B4B4 /* ZHGameScene.swift in Sources */ = {isa = PBXBuildFile; fileRef = C67BACA51C373AE70049B4B4 /* ZHGameScene.swift */; };
		C67BACA81C373AE70049B4B4 /* ZHGameViewController.swift in Sources */ = {isa = PBXBuildFile; fileRef = C67BACA71C373AE70049B4B4 /* ZHGameViewController.swift */; };
		C67BACAB1C373AE70049B4B4 /* Main.storyboard in Resources */ = {isa = PBXBuildFile; fileRef = C67BACA91C373AE70049B4B4 /* Main.storyboard */; };
		C67BACAD1C373AE70049B4B4 /* Assets.xcassets in Resources */ = {isa = PBXBuildFile; fileRef = C67BACAC1C373AE70049B4B4 /* Assets.xcassets */; };
		C67BACB01C373AE70049B4B4 /* LaunchScreen.storyboard in Resources */ = {isa = PBXBuildFile; fileRef = C67BACAE1C373AE70049B4B4 /* LaunchScreen.storyboard */; };
		C67BACBB1C373AE70049B4B4 /* ZHKuiperTests.swift in Sources */ = {isa = PBXBuildFile; fileRef = C67BACBA1C373AE70049B4B4 /* ZHKuiperTests.swift */; };
		C67BACC61C373AE70049B4B4 /* ZHKuiperUITests.swift in Sources */ = {isa = PBXBuildFile; fileRef = C67BACC51C373AE70049B4B4 /* ZHKuiperUITests.swift */; };
		C67BACD81C373F770049B4B4 /* UIColor+ZH.m in Sources */ = {isa = PBXBuildFile; fileRef = C67BACD51C373F770049B4B4 /* UIColor+ZH.m */; };
		C67BACD91C373F770049B4B4 /* NSTimer+Blocks.m in Sources */ = {isa = PBXBuildFile; fileRef = C67BACD71C373F770049B4B4 /* NSTimer+Blocks.m */; };
		C67BACDB1C3749E50049B4B4 /* ZHBBNode.swift in Sources */ = {isa = PBXBuildFile; fileRef = C67BACDA1C3749E50049B4B4 /* ZHBBNode.swift */; };
		C6F91A4C1C40DAF500483FAD /* ZHMagic.sks in Resources */ = {isa = PBXBuildFile; fileRef = C6F91A4A1C40DAF500483FAD /* ZHMagic.sks */; };
		C6F91A4D1C40DAF500483FAD /* spark.png in Resources */ = {isa = PBXBuildFile; fileRef = C6F91A4B1C40DAF500483FAD /* spark.png */; };
		C6F91A8E1C41BF2400483FAD /* NORLabelNode.m in Sources */ = {isa = PBXBuildFile; fileRef = C6F91A8D1C41BF2400483FAD /* NORLabelNode.m */; };
		C6F91A901C41C52F00483FAD /* ZHUtilities.swift in Sources */ = {isa = PBXBuildFile; fileRef = C6F91A8F1C41C52F00483FAD /* ZHUtilities.swift */; };
/* End PBXBuildFile section */

/* Begin PBXContainerItemProxy section */
		C67BACB71C373AE70049B4B4 /* PBXContainerItemProxy */ = {
			isa = PBXContainerItemProxy;
			containerPortal = C67BAC961C373AE70049B4B4 /* Project object */;
			proxyType = 1;
			remoteGlobalIDString = C67BAC9D1C373AE70049B4B4;
			remoteInfo = ZHKuiper;
		};
		C67BACC21C373AE70049B4B4 /* PBXContainerItemProxy */ = {
			isa = PBXContainerItemProxy;
			containerPortal = C67BAC961C373AE70049B4B4 /* Project object */;
			proxyType = 1;
			remoteGlobalIDString = C67BAC9D1C373AE70049B4B4;
			remoteInfo = ZHKuiper;
		};
/* End PBXContainerItemProxy section */

/* Begin PBXFileReference section */
		C6015A701C39FA1C0002694D /* drip.wav */ = {isa = PBXFileReference; lastKnownFileType = audio.wav; path = drip.wav; sourceTree = "<group>"; };
		C6015A711C39FA1C0002694D /* pew.wav */ = {isa = PBXFileReference; lastKnownFileType = audio.wav; path = pew.wav; sourceTree = "<group>"; };
		C6015A721C39FA1C0002694D /* laser.wav */ = {isa = PBXFileReference; lastKnownFileType = audio.wav; path = laser.wav; sourceTree = "<group>"; };
		C6044FE51C842461006502AE /* SKTAudio.swift */ = {isa = PBXFileReference; fileEncoding = 4; lastKnownFileType = sourcecode.swift; path = SKTAudio.swift; sourceTree = "<group>"; };
		C6520F021C41E5C400A8BD7D /* idea.txt */ = {isa = PBXFileReference; fileEncoding = 4; lastKnownFileType = text; path = idea.txt; sourceTree = "<group>"; };
		C67BAC9E1C373AE70049B4B4 /* ZHKuiper.app */ = {isa = PBXFileReference; explicitFileType = wrapper.application; includeInIndex = 0; path = ZHKuiper.app; sourceTree = BUILT_PRODUCTS_DIR; };
		C67BACA11C373AE70049B4B4 /* AppDelegate.swift */ = {isa = PBXFileReference; lastKnownFileType = sourcecode.swift; path = AppDelegate.swift; sourceTree = "<group>"; };
		C67BACA31C373AE70049B4B4 /* ZHGameScene.sks */ = {isa = PBXFileReference; lastKnownFileType = file.sks; path = ZHGameScene.sks; sourceTree = "<group>"; };
		C67BACA51C373AE70049B4B4 /* ZHGameScene.swift */ = {isa = PBXFileReference; lastKnownFileType = sourcecode.swift; path = ZHGameScene.swift; sourceTree = "<group>"; };
		C67BACA71C373AE70049B4B4 /* ZHGameViewController.swift */ = {isa = PBXFileReference; lastKnownFileType = sourcecode.swift; path = ZHGameViewController.swift; sourceTree = "<group>"; };
		C67BACAA1C373AE70049B4B4 /* Base */ = {isa = PBXFileReference; lastKnownFileType = file.storyboard; name = Base; path = Base.lproj/Main.storyboard; sourceTree = "<group>"; };
		C67BACAC1C373AE70049B4B4 /* Assets.xcassets */ = {isa = PBXFileReference; lastKnownFileType = folder.assetcatalog; path = Assets.xcassets; sourceTree = "<group>"; };
		C67BACAF1C373AE70049B4B4 /* Base */ = {isa = PBXFileReference; lastKnownFileType = file.storyboard; name = Base; path = Base.lproj/LaunchScreen.storyboard; sourceTree = "<group>"; };
		C67BACB11C373AE70049B4B4 /* Info.plist */ = {isa = PBXFileReference; lastKnownFileType = text.plist.xml; path = Info.plist; sourceTree = "<group>"; };
		C67BACB61C373AE70049B4B4 /* ZHKuiperTests.xctest */ = {isa = PBXFileReference; explicitFileType = wrapper.cfbundle; includeInIndex = 0; path = ZHKuiperTests.xctest; sourceTree = BUILT_PRODUCTS_DIR; };
		C67BACBA1C373AE70049B4B4 /* ZHKuiperTests.swift */ = {isa = PBXFileReference; lastKnownFileType = sourcecode.swift; path = ZHKuiperTests.swift; sourceTree = "<group>"; };
		C67BACBC1C373AE70049B4B4 /* Info.plist */ = {isa = PBXFileReference; lastKnownFileType = text.plist.xml; path = Info.plist; sourceTree = "<group>"; };
		C67BACC11C373AE70049B4B4 /* ZHKuiperUITests.xctest */ = {isa = PBXFileReference; explicitFileType = wrapper.cfbundle; includeInIndex = 0; path = ZHKuiperUITests.xctest; sourceTree = BUILT_PRODUCTS_DIR; };
		C67BACC51C373AE70049B4B4 /* ZHKuiperUITests.swift */ = {isa = PBXFileReference; lastKnownFileType = sourcecode.swift; path = ZHKuiperUITests.swift; sourceTree = "<group>"; };
		C67BACC71C373AE70049B4B4 /* Info.plist */ = {isa = PBXFileReference; lastKnownFileType = text.plist.xml; path = Info.plist; sourceTree = "<group>"; };
		C67BACD31C373F770049B4B4 /* ZHKuiper-Bridging-Header.h */ = {isa = PBXFileReference; lastKnownFileType = sourcecode.c.h; path = "ZHKuiper-Bridging-Header.h"; sourceTree = "<group>"; };
		C67BACD41C373F770049B4B4 /* UIColor+ZH.h */ = {isa = PBXFileReference; fileEncoding = 4; lastKnownFileType = sourcecode.c.h; path = "UIColor+ZH.h"; sourceTree = "<group>"; };
		C67BACD51C373F770049B4B4 /* UIColor+ZH.m */ = {isa = PBXFileReference; fileEncoding = 4; lastKnownFileType = sourcecode.c.objc; path = "UIColor+ZH.m"; sourceTree = "<group>"; };
		C67BACD61C373F770049B4B4 /* NSTimer+Blocks.h */ = {isa = PBXFileReference; fileEncoding = 4; lastKnownFileType = sourcecode.c.h; path = "NSTimer+Blocks.h"; sourceTree = "<group>"; };
		C67BACD71C373F770049B4B4 /* NSTimer+Blocks.m */ = {isa = PBXFileReference; fileEncoding = 4; lastKnownFileType = sourcecode.c.objc; path = "NSTimer+Blocks.m"; sourceTree = "<group>"; };
		C67BACDA1C3749E50049B4B4 /* ZHBBNode.swift */ = {isa = PBXFileReference; fileEncoding = 4; lastKnownFileType = sourcecode.swift; path = ZHBBNode.swift; sourceTree = "<group>"; };
		C6F91A4A1C40DAF500483FAD /* ZHMagic.sks */ = {isa = PBXFileReference; lastKnownFileType = file.sks; path = ZHMagic.sks; sourceTree = "<group>"; };
		C6F91A4B1C40DAF500483FAD /* spark.png */ = {isa = PBXFileReference; lastKnownFileType = image.png; path = spark.png; sourceTree = "<group>"; };
		C6F91A8C1C41BF2400483FAD /* NORLabelNode.h */ = {isa = PBXFileReference; fileEncoding = 4; lastKnownFileType = sourcecode.c.h; path = NORLabelNode.h; sourceTree = "<group>"; };
		C6F91A8D1C41BF2400483FAD /* NORLabelNode.m */ = {isa = PBXFileReference; fileEncoding = 4; lastKnownFileType = sourcecode.c.objc; path = NORLabelNode.m; sourceTree = "<group>"; };
		C6F91A8F1C41C52F00483FAD /* ZHUtilities.swift */ = {isa = PBXFileReference; fileEncoding = 4; lastKnownFileType = sourcecode.swift; path = ZHUtilities.swift; sourceTree = "<group>"; };
/* End PBXFileReference section */

/* Begin PBXFrameworksBuildPhase section */
		C67BAC9B1C373AE70049B4B4 /* Frameworks */ = {
			isa = PBXFrameworksBuildPhase;
			buildActionMask = 2147483647;
			files = (
			);
			runOnlyForDeploymentPostprocessing = 0;
		};
		C67BACB31C373AE70049B4B4 /* Frameworks */ = {
			isa = PBXFrameworksBuildPhase;
			buildActionMask = 2147483647;
			files = (
			);
			runOnlyForDeploymentPostprocessing = 0;
		};
		C67BACBE1C373AE70049B4B4 /* Frameworks */ = {
			isa = PBXFrameworksBuildPhase;
			buildActionMask = 2147483647;
			files = (
			);
			runOnlyForDeploymentPostprocessing = 0;
		};
/* End PBXFrameworksBuildPhase section */

/* Begin PBXGroup section */
		C6015A6C1C39D8340002694D /* Categories */ = {
			isa = PBXGroup;
			children = (
				C67BACD41C373F770049B4B4 /* UIColor+ZH.h */,
				C67BACD51C373F770049B4B4 /* UIColor+ZH.m */,
				C67BACD61C373F770049B4B4 /* NSTimer+Blocks.h */,
				C67BACD71C373F770049B4B4 /* NSTimer+Blocks.m */,
			);
			name = Categories;
			sourceTree = "<group>";
		};
		C6015A6D1C39D8D60002694D /* ViewController */ = {
			isa = PBXGroup;
			children = (
				C6520F041C43191C00A8BD7D /* MultiLine Label */,
				C67BACDA1C3749E50049B4B4 /* ZHBBNode.swift */,
				C67BACA31C373AE70049B4B4 /* ZHGameScene.sks */,
				C67BACA51C373AE70049B4B4 /* ZHGameScene.swift */,
				C67BACA71C373AE70049B4B4 /* ZHGameViewController.swift */,
				C6F91A4A1C40DAF500483FAD /* ZHMagic.sks */,
				C6F91A4B1C40DAF500483FAD /* spark.png */,
				C6F91A8F1C41C52F00483FAD /* ZHUtilities.swift */,
				C6520F021C41E5C400A8BD7D /* idea.txt */,
			);
			name = ViewController;
			sourceTree = "<group>";
		};
		C6015A6E1C39D8DC0002694D /* UserInterface */ = {
			isa = PBXGroup;
			children = (
				C67BACA91C373AE70049B4B4 /* Main.storyboard */,
				C67BACAC1C373AE70049B4B4 /* Assets.xcassets */,
				C67BACAE1C373AE70049B4B4 /* LaunchScreen.storyboard */,
			);
			name = UserInterface;
			sourceTree = "<group>";
		};
		C6015A6F1C39D8F20002694D /* SupportingFiles */ = {
			isa = PBXGroup;
			children = (
				C67BACA11C373AE70049B4B4 /* AppDelegate.swift */,
				C67BACB11C373AE70049B4B4 /* Info.plist */,
				C67BACD31C373F770049B4B4 /* ZHKuiper-Bridging-Header.h */,
			);
			name = SupportingFiles;
			sourceTree = "<group>";
		};
		C6015A761C39FA200002694D /* Audio */ = {
			isa = PBXGroup;
			children = (
				C6015A701C39FA1C0002694D /* drip.wav */,
				C6015A711C39FA1C0002694D /* pew.wav */,
				C6015A721C39FA1C0002694D /* laser.wav */,
				C6044FE51C842461006502AE /* SKTAudio.swift */,
			);
			name = Audio;
			sourceTree = "<group>";
		};
		C6520F041C43191C00A8BD7D /* MultiLine Label */ = {
			isa = PBXGroup;
			children = (
				C6F91A8C1C41BF2400483FAD /* NORLabelNode.h */,
				C6F91A8D1C41BF2400483FAD /* NORLabelNode.m */,
			);
			name = "MultiLine Label";
			sourceTree = "<group>";
		};
		C67BAC951C373AE70049B4B4 = {
			isa = PBXGroup;
			children = (
				C67BACA01C373AE70049B4B4 /* ZHKuiper */,
				C67BACB91C373AE70049B4B4 /* ZHKuiperTests */,
				C67BACC41C373AE70049B4B4 /* ZHKuiperUITests */,
				C67BAC9F1C373AE70049B4B4 /* Products */,
			);
			sourceTree = "<group>";
		};
		C67BAC9F1C373AE70049B4B4 /* Products */ = {
			isa = PBXGroup;
			children = (
				C67BAC9E1C373AE70049B4B4 /* ZHKuiper.app */,
				C67BACB61C373AE70049B4B4 /* ZHKuiperTests.xctest */,
				C67BACC11C373AE70049B4B4 /* ZHKuiperUITests.xctest */,
			);
			name = Products;
			sourceTree = "<group>";
		};
		C67BACA01C373AE70049B4B4 /* ZHKuiper */ = {
			isa = PBXGroup;
			children = (
				C6015A761C39FA200002694D /* Audio */,
				C6015A6C1C39D8340002694D /* Categories */,
				C6015A6F1C39D8F20002694D /* SupportingFiles */,
				C6015A6D1C39D8D60002694D /* ViewController */,
				C6015A6E1C39D8DC0002694D /* UserInterface */,
			);
			path = ZHKuiper;
			sourceTree = "<group>";
		};
		C67BACB91C373AE70049B4B4 /* ZHKuiperTests */ = {
			isa = PBXGroup;
			children = (
				C67BACBA1C373AE70049B4B4 /* ZHKuiperTests.swift */,
				C67BACBC1C373AE70049B4B4 /* Info.plist */,
			);
			path = ZHKuiperTests;
			sourceTree = "<group>";
		};
		C67BACC41C373AE70049B4B4 /* ZHKuiperUITests */ = {
			isa = PBXGroup;
			children = (
				C67BACC51C373AE70049B4B4 /* ZHKuiperUITests.swift */,
				C67BACC71C373AE70049B4B4 /* Info.plist */,
			);
			path = ZHKuiperUITests;
			sourceTree = "<group>";
		};
/* End PBXGroup section */

/* Begin PBXNativeTarget section */
		C67BAC9D1C373AE70049B4B4 /* ZHKuiper */ = {
			isa = PBXNativeTarget;
			buildConfigurationList = C67BACCA1C373AE70049B4B4 /* Build configuration list for PBXNativeTarget "ZHKuiper" */;
			buildPhases = (
				C67BAC9A1C373AE70049B4B4 /* Sources */,
				C67BAC9B1C373AE70049B4B4 /* Frameworks */,
				C67BAC9C1C373AE70049B4B4 /* Resources */,
			);
			buildRules = (
			);
			dependencies = (
			);
			name = ZHKuiper;
			productName = ZHKuiper;
			productReference = C67BAC9E1C373AE70049B4B4 /* ZHKuiper.app */;
			productType = "com.apple.product-type.application";
		};
		C67BACB51C373AE70049B4B4 /* ZHKuiperTests */ = {
			isa = PBXNativeTarget;
			buildConfigurationList = C67BACCD1C373AE70049B4B4 /* Build configuration list for PBXNativeTarget "ZHKuiperTests" */;
			buildPhases = (
				C67BACB21C373AE70049B4B4 /* Sources */,
				C67BACB31C373AE70049B4B4 /* Frameworks */,
				C67BACB41C373AE70049B4B4 /* Resources */,
			);
			buildRules = (
			);
			dependencies = (
				C67BACB81C373AE70049B4B4 /* PBXTargetDependency */,
			);
			name = ZHKuiperTests;
			productName = ZHKuiperTests;
			productReference = C67BACB61C373AE70049B4B4 /* ZHKuiperTests.xctest */;
			productType = "com.apple.product-type.bundle.unit-test";
		};
		C67BACC01C373AE70049B4B4 /* ZHKuiperUITests */ = {
			isa = PBXNativeTarget;
			buildConfigurationList = C67BACD01C373AE70049B4B4 /* Build configuration list for PBXNativeTarget "ZHKuiperUITests" */;
			buildPhases = (
				C67BACBD1C373AE70049B4B4 /* Sources */,
				C67BACBE1C373AE70049B4B4 /* Frameworks */,
				C67BACBF1C373AE70049B4B4 /* Resources */,
			);
			buildRules = (
			);
			dependencies = (
				C67BACC31C373AE70049B4B4 /* PBXTargetDependency */,
			);
			name = ZHKuiperUITests;
			productName = ZHKuiperUITests;
			productReference = C67BACC11C373AE70049B4B4 /* ZHKuiperUITests.xctest */;
			productType = "com.apple.product-type.bundle.ui-testing";
		};
/* End PBXNativeTarget section */

/* Begin PBXProject section */
		C67BAC961C373AE70049B4B4 /* Project object */ = {
			isa = PBXProject;
			attributes = {
				LastSwiftUpdateCheck = 0720;
				LastUpgradeCheck = 0720;
				ORGANIZATIONNAME = "Zakk Hoyt";
				TargetAttributes = {
					C67BAC9D1C373AE70049B4B4 = {
						CreatedOnToolsVersion = 7.2;
						DevelopmentTeam = J7U74N85YF;
					};
					C67BACB51C373AE70049B4B4 = {
						CreatedOnToolsVersion = 7.2;
						TestTargetID = C67BAC9D1C373AE70049B4B4;
					};
					C67BACC01C373AE70049B4B4 = {
						CreatedOnToolsVersion = 7.2;
						TestTargetID = C67BAC9D1C373AE70049B4B4;
					};
				};
			};
			buildConfigurationList = C67BAC991C373AE70049B4B4 /* Build configuration list for PBXProject "ZHKuiper" */;
			compatibilityVersion = "Xcode 3.2";
			developmentRegion = English;
			hasScannedForEncodings = 0;
			knownRegions = (
				en,
				Base,
			);
			mainGroup = C67BAC951C373AE70049B4B4;
			productRefGroup = C67BAC9F1C373AE70049B4B4 /* Products */;
			projectDirPath = "";
			projectRoot = "";
			targets = (
				C67BAC9D1C373AE70049B4B4 /* ZHKuiper */,
				C67BACB51C373AE70049B4B4 /* ZHKuiperTests */,
				C67BACC01C373AE70049B4B4 /* ZHKuiperUITests */,
			);
		};
/* End PBXProject section */

/* Begin PBXResourcesBuildPhase section */
		C67BAC9C1C373AE70049B4B4 /* Resources */ = {
			isa = PBXResourcesBuildPhase;
			buildActionMask = 2147483647;
			files = (
				C6015A731C39FA1C0002694D /* drip.wav in Resources */,
				C6015A751C39FA1C0002694D /* laser.wav in Resources */,
				C6F91A4C1C40DAF500483FAD /* ZHMagic.sks in Resources */,
				C67BACA41C373AE70049B4B4 /* ZHGameScene.sks in Resources */,
				C67BACB01C373AE70049B4B4 /* LaunchScreen.storyboard in Resources */,
				C6F91A4D1C40DAF500483FAD /* spark.png in Resources */,
				C6015A741C39FA1C0002694D /* pew.wav in Resources */,
				C67BACAD1C373AE70049B4B4 /* Assets.xcassets in Resources */,
				C67BACAB1C373AE70049B4B4 /* Main.storyboard in Resources */,
				C6520F031C41E5C400A8BD7D /* idea.txt in Resources */,
			);
			runOnlyForDeploymentPostprocessing = 0;
		};
		C67BACB41C373AE70049B4B4 /* Resources */ = {
			isa = PBXResourcesBuildPhase;
			buildActionMask = 2147483647;
			files = (
			);
			runOnlyForDeploymentPostprocessing = 0;
		};
		C67BACBF1C373AE70049B4B4 /* Resources */ = {
			isa = PBXResourcesBuildPhase;
			buildActionMask = 2147483647;
			files = (
			);
			runOnlyForDeploymentPostprocessing = 0;
		};
/* End PBXResourcesBuildPhase section */

/* Begin PBXSourcesBuildPhase section */
		C67BAC9A1C373AE70049B4B4 /* Sources */ = {
			isa = PBXSourcesBuildPhase;
			buildActionMask = 2147483647;
			files = (
				C67BACA61C373AE70049B4B4 /* ZHGameScene.swift in Sources */,
				C67BACD81C373F770049B4B4 /* UIColor+ZH.m in Sources */,
				C6F91A901C41C52F00483FAD /* ZHUtilities.swift in Sources */,
				C6044FE61C842461006502AE /* SKTAudio.swift in Sources */,
				C67BACA81C373AE70049B4B4 /* ZHGameViewController.swift in Sources */,
				C67BACDB1C3749E50049B4B4 /* ZHBBNode.swift in Sources */,
				C67BACD91C373F770049B4B4 /* NSTimer+Blocks.m in Sources */,
				C67BACA21C373AE70049B4B4 /* AppDelegate.swift in Sources */,
				C6F91A8E1C41BF2400483FAD /* NORLabelNode.m in Sources */,
			);
			runOnlyForDeploymentPostprocessing = 0;
		};
		C67BACB21C373AE70049B4B4 /* Sources */ = {
			isa = PBXSourcesBuildPhase;
			buildActionMask = 2147483647;
			files = (
				C67BACBB1C373AE70049B4B4 /* ZHKuiperTests.swift in Sources */,
			);
			runOnlyForDeploymentPostprocessing = 0;
		};
		C67BACBD1C373AE70049B4B4 /* Sources */ = {
			isa = PBXSourcesBuildPhase;
			buildActionMask = 2147483647;
			files = (
				C67BACC61C373AE70049B4B4 /* ZHKuiperUITests.swift in Sources */,
			);
			runOnlyForDeploymentPostprocessing = 0;
		};
/* End PBXSourcesBuildPhase section */

/* Begin PBXTargetDependency section */
		C67BACB81C373AE70049B4B4 /* PBXTargetDependency */ = {
			isa = PBXTargetDependency;
			target = C67BAC9D1C373AE70049B4B4 /* ZHKuiper */;
			targetProxy = C67BACB71C373AE70049B4B4 /* PBXContainerItemProxy */;
		};
		C67BACC31C373AE70049B4B4 /* PBXTargetDependency */ = {
			isa = PBXTargetDependency;
			target = C67BAC9D1C373AE70049B4B4 /* ZHKuiper */;
			targetProxy = C67BACC21C373AE70049B4B4 /* PBXContainerItemProxy */;
		};
/* End PBXTargetDependency section */

/* Begin PBXVariantGroup section */
		C67BACA91C373AE70049B4B4 /* Main.storyboard */ = {
			isa = PBXVariantGroup;
			children = (
				C67BACAA1C373AE70049B4B4 /* Base */,
			);
			name = Main.storyboard;
			sourceTree = "<group>";
		};
		C67BACAE1C373AE70049B4B4 /* LaunchScreen.storyboard */ = {
			isa = PBXVariantGroup;
			children = (
				C67BACAF1C373AE70049B4B4 /* Base */,
			);
			name = LaunchScreen.storyboard;
			sourceTree = "<group>";
		};
/* End PBXVariantGroup section */

/* Begin XCBuildConfiguration section */
		C67BACC81C373AE70049B4B4 /* Debug */ = {
			isa = XCBuildConfiguration;
			buildSettings = {
				ALWAYS_SEARCH_USER_PATHS = NO;
				CLANG_CXX_LANGUAGE_STANDARD = "gnu++0x";
				CLANG_CXX_LIBRARY = "libc++";
				CLANG_ENABLE_MODULES = YES;
				CLANG_ENABLE_OBJC_ARC = YES;
				CLANG_WARN_BOOL_CONVERSION = YES;
				CLANG_WARN_CONSTANT_CONVERSION = YES;
				CLANG_WARN_DIRECT_OBJC_ISA_USAGE = YES_ERROR;
				CLANG_WARN_EMPTY_BODY = YES;
				CLANG_WARN_ENUM_CONVERSION = YES;
				CLANG_WARN_INT_CONVERSION = YES;
				CLANG_WARN_OBJC_ROOT_CLASS = YES_ERROR;
				CLANG_WARN_UNREACHABLE_CODE = YES;
				CLANG_WARN__DUPLICATE_METHOD_MATCH = YES;
				CODE_SIGN_IDENTITY = "iPhone Developer";
				"CODE_SIGN_IDENTITY[sdk=iphoneos*]" = "iPhone Developer";
				COPY_PHASE_STRIP = NO;
				DEBUG_INFORMATION_FORMAT = "dwarf-with-dsym";
				ENABLE_STRICT_OBJC_MSGSEND = YES;
				ENABLE_TESTABILITY = YES;
				GCC_C_LANGUAGE_STANDARD = gnu99;
				GCC_DYNAMIC_NO_PIC = NO;
				GCC_NO_COMMON_BLOCKS = YES;
				GCC_OPTIMIZATION_LEVEL = 0;
				GCC_PREPROCESSOR_DEFINITIONS = (
					"DEBUG=1",
					"$(inherited)",
				);
				GCC_WARN_64_TO_32_BIT_CONVERSION = YES;
				GCC_WARN_ABOUT_RETURN_TYPE = YES_ERROR;
				GCC_WARN_UNDECLARED_SELECTOR = YES;
				GCC_WARN_UNINITIALIZED_AUTOS = YES_AGGRESSIVE;
				GCC_WARN_UNUSED_FUNCTION = YES;
				GCC_WARN_UNUSED_VARIABLE = YES;
				IPHONEOS_DEPLOYMENT_TARGET = 8.0;
				MTL_ENABLE_DEBUG_INFO = YES;
				ONLY_ACTIVE_ARCH = YES;
				PROVISIONING_PROFILE = "7d7e63dd-8b3c-4011-9317-cc620e919e2e";
				SDKROOT = iphoneos;
				SWIFT_OPTIMIZATION_LEVEL = "-Onone";
				TARGETED_DEVICE_FAMILY = "1,2";
			};
			name = Debug;
		};
		C67BACC91C373AE70049B4B4 /* Release */ = {
			isa = XCBuildConfiguration;
			buildSettings = {
				ALWAYS_SEARCH_USER_PATHS = NO;
				CLANG_CXX_LANGUAGE_STANDARD = "gnu++0x";
				CLANG_CXX_LIBRARY = "libc++";
				CLANG_ENABLE_MODULES = YES;
				CLANG_ENABLE_OBJC_ARC = YES;
				CLANG_WARN_BOOL_CONVERSION = YES;
				CLANG_WARN_CONSTANT_CONVERSION = YES;
				CLANG_WARN_DIRECT_OBJC_ISA_USAGE = YES_ERROR;
				CLANG_WARN_EMPTY_BODY = YES;
				CLANG_WARN_ENUM_CONVERSION = YES;
				CLANG_WARN_INT_CONVERSION = YES;
				CLANG_WARN_OBJC_ROOT_CLASS = YES_ERROR;
				CLANG_WARN_UNREACHABLE_CODE = YES;
				CLANG_WARN__DUPLICATE_METHOD_MATCH = YES;
				CODE_SIGN_IDENTITY = "iPhone Developer";
				"CODE_SIGN_IDENTITY[sdk=iphoneos*]" = "iPhone Developer";
				COPY_PHASE_STRIP = NO;
				DEBUG_INFORMATION_FORMAT = "dwarf-with-dsym";
				ENABLE_NS_ASSERTIONS = NO;
				ENABLE_STRICT_OBJC_MSGSEND = YES;
				GCC_C_LANGUAGE_STANDARD = gnu99;
				GCC_NO_COMMON_BLOCKS = YES;
				GCC_WARN_64_TO_32_BIT_CONVERSION = YES;
				GCC_WARN_ABOUT_RETURN_TYPE = YES_ERROR;
				GCC_WARN_UNDECLARED_SELECTOR = YES;
				GCC_WARN_UNINITIALIZED_AUTOS = YES_AGGRESSIVE;
				GCC_WARN_UNUSED_FUNCTION = YES;
				GCC_WARN_UNUSED_VARIABLE = YES;
				IPHONEOS_DEPLOYMENT_TARGET = 8.0;
				MTL_ENABLE_DEBUG_INFO = NO;
				PROVISIONING_PROFILE = "7d7e63dd-8b3c-4011-9317-cc620e919e2e";
				SDKROOT = iphoneos;
				TARGETED_DEVICE_FAMILY = "1,2";
				VALIDATE_PRODUCT = YES;
			};
			name = Release;
		};
		C67BACCB1C373AE70049B4B4 /* Debug */ = {
			isa = XCBuildConfiguration;
			buildSettings = {
				ASSETCATALOG_COMPILER_APPICON_NAME = AppIcon;
				CLANG_ENABLE_MODULES = YES;
				CODE_SIGN_IDENTITY = "iPhone Developer";
				"CODE_SIGN_IDENTITY[sdk=iphoneos*]" = "iPhone Developer";
				INFOPLIST_FILE = ZHKuiper/Info.plist;
				IPHONEOS_DEPLOYMENT_TARGET = 8.0;
				LD_RUNPATH_SEARCH_PATHS = "$(inherited) @executable_path/Frameworks";
				PRODUCT_BUNDLE_IDENTIFIER = com.vaporwarewolf.ZHKuiper;
				PRODUCT_NAME = "$(TARGET_NAME)";
				PROVISIONING_PROFILE = "";
				SWIFT_OBJC_BRIDGING_HEADER = "ZHKuiper/ZHKuiper-Bridging-Header.h";
				SWIFT_OPTIMIZATION_LEVEL = "-Onone";
			};
			name = Debug;
		};
		C67BACCC1C373AE70049B4B4 /* Release */ = {
			isa = XCBuildConfiguration;
			buildSettings = {
				ASSETCATALOG_COMPILER_APPICON_NAME = AppIcon;
				CLANG_ENABLE_MODULES = YES;
				CODE_SIGN_IDENTITY = "iPhone Developer";
				"CODE_SIGN_IDENTITY[sdk=iphoneos*]" = "iPhone Developer";
				INFOPLIST_FILE = ZHKuiper/Info.plist;
				IPHONEOS_DEPLOYMENT_TARGET = 8.0;
				LD_RUNPATH_SEARCH_PATHS = "$(inherited) @executable_path/Frameworks";
				PRODUCT_BUNDLE_IDENTIFIER = com.vaporwarewolf.ZHKuiper;
				PRODUCT_NAME = "$(TARGET_NAME)";
				PROVISIONING_PROFILE = "";
				SWIFT_OBJC_BRIDGING_HEADER = "ZHKuiper/ZHKuiper-Bridging-Header.h";
			};
			name = Release;
		};
		C67BACCE1C373AE70049B4B4 /* Debug */ = {
			isa = XCBuildConfiguration;
			buildSettings = {
				BUNDLE_LOADER = "$(TEST_HOST)";
				DEBUG_INFORMATION_FORMAT = dwarf;
				INFOPLIST_FILE = ZHKuiperTests/Info.plist;
				LD_RUNPATH_SEARCH_PATHS = "$(inherited) @executable_path/Frameworks @loader_path/Frameworks";
				PRODUCT_BUNDLE_IDENTIFIER = com.vaporwarewolf.ZHKuiperTests;
				PRODUCT_NAME = "$(TARGET_NAME)";
				TEST_HOST = "$(BUILT_PRODUCTS_DIR)/ZHKuiper.app/ZHKuiper";
			};
			name = Debug;
		};
		C67BACCF1C373AE70049B4B4 /* Release */ = {
			isa = XCBuildConfiguration;
			buildSettings = {
				BUNDLE_LOADER = "$(TEST_HOST)";
				INFOPLIST_FILE = ZHKuiperTests/Info.plist;
				LD_RUNPATH_SEARCH_PATHS = "$(inherited) @executable_path/Frameworks @loader_path/Frameworks";
				PRODUCT_BUNDLE_IDENTIFIER = com.vaporwarewolf.ZHKuiperTests;
				PRODUCT_NAME = "$(TARGET_NAME)";
				TEST_HOST = "$(BUILT_PRODUCTS_DIR)/ZHKuiper.app/ZHKuiper";
			};
			name = Release;
		};
		C67BACD11C373AE70049B4B4 /* Debug */ = {
			isa = XCBuildConfiguration;
			buildSettings = {
				DEBUG_INFORMATION_FORMAT = dwarf;
				INFOPLIST_FILE = ZHKuiperUITests/Info.plist;
				LD_RUNPATH_SEARCH_PATHS = "$(inherited) @executable_path/Frameworks @loader_path/Frameworks";
				PRODUCT_BUNDLE_IDENTIFIER = com.vaporwarewolf.ZHKuiperUITests;
				PRODUCT_NAME = "$(TARGET_NAME)";
				TEST_TARGET_NAME = ZHKuiper;
				USES_XCTRUNNER = YES;
			};
			name = Debug;
		};
		C67BACD21C373AE70049B4B4 /* Release */ = {
			isa = XCBuildConfiguration;
			buildSettings = {
				INFOPLIST_FILE = ZHKuiperUITests/Info.plist;
				LD_RUNPATH_SEARCH_PATHS = "$(inherited) @executable_path/Frameworks @loader_path/Frameworks";
				PRODUCT_BUNDLE_IDENTIFIER = com.vaporwarewolf.ZHKuiperUITests;
				PRODUCT_NAME = "$(TARGET_NAME)";
				TEST_TARGET_NAME = ZHKuiper;
				USES_XCTRUNNER = YES;
			};
			name = Release;
		};
/* End XCBuildConfiguration section */

/* Begin XCConfigurationList section */
		C67BAC991C373AE70049B4B4 /* Build configuration list for PBXProject "ZHKuiper" */ = {
			isa = XCConfigurationList;
			buildConfigurations = (
				C67BACC81C373AE70049B4B4 /* Debug */,
				C67BACC91C373AE70049B4B4 /* Release */,
			);
			defaultConfigurationIsVisible = 0;
			defaultConfigurationName = Release;
		};
		C67BACCA1C373AE70049B4B4 /* Build configuration list for PBXNativeTarget "ZHKuiper" */ = {
			isa = XCConfigurationList;
			buildConfigurations = (
				C67BACCB1C373AE70049B4B4 /* Debug */,
				C67BACCC1C373AE70049B4B4 /* Release */,
			);
			defaultConfigurationIsVisible = 0;
			defaultConfigurationName = Release;
		};
		C67BACCD1C373AE70049B4B4 /* Build configuration list for PBXNativeTarget "ZHKuiperTests" */ = {
			isa = XCConfigurationList;
			buildConfigurations = (
				C67BACCE1C373AE70049B4B4 /* Debug */,
				C67BACCF1C373AE70049B4B4 /* Release */,
			);
			defaultConfigurationIsVisible = 0;
			defaultConfigurationName = Release;
		};
		C67BACD01C373AE70049B4B4 /* Build configuration list for PBXNativeTarget "ZHKuiperUITests" */ = {
			isa = XCConfigurationList;
			buildConfigurations = (
				C67BACD11C373AE70049B4B4 /* Debug */,
				C67BACD21C373AE70049B4B4 /* Release */,
			);
			defaultConfigurationIsVisible = 0;
			defaultConfigurationName = Release;
		};
/* End XCConfigurationList section */
	};
	rootObject = C67BAC961C373AE70049B4B4 /* Project object */;
}
